<?xml version="1.0" encoding="utf-8"?>
<Project ToolsVersion="4.0" xmlns="http://schemas.microsoft.com/developer/msbuild/2003">
  <ItemGroup>
    <ClCompile Include="Source\Application.cpp" />
    <ClCompile Include="Source\Door.cpp" />
    <ClCompile Include="Source\Enemy.cpp" />
    <ClCompile Include="Source\Map.cpp" />
    <ClCompile Include="Source\Particle.cpp" />
    <ClCompile Include="Source\Player.cpp" />
    <ClCompile Include="Source\Projectile.cpp" />
    <ClCompile Include="Source\SceneGame.cpp" />
    <ClCompile Include="Source\Camera.cpp" />
    <ClCompile Include="Source\GameObject.cpp" />
    <ClCompile Include="Source\LoadOBJ.cpp" />
    <ClCompile Include="Source\LoadTGA.cpp" />
    <ClCompile Include="Source\main.cpp" />
    <ClCompile Include="Source\Mesh.cpp" />
    <ClCompile Include="Source\MeshBuilder.cpp" />
    <ClCompile Include="Source\SceneMenu.cpp" />
    <ClCompile Include="Source\SceneBase.cpp" />
    <ClCompile Include="Source\SceneManager.cpp" />
    <ClCompile Include="Source\shader.cpp" />
    <ClCompile Include="Source\Switch.cpp" />
    <ClCompile Include="Source\Utility.cpp" />
    <ClCompile Include="Source\WaveData.cpp" />
  </ItemGroup>
  <ItemGroup>
    <ClInclude Include="Source\Application.h" />
    <ClInclude Include="Source\Emitter.h" />
    <ClInclude Include="Source\Enemy.h" />
    <ClInclude Include="Source\Door.h" />
    <ClInclude Include="Source\Node.h" />
    <ClInclude Include="Source\Particle.h" />
    <ClInclude Include="Source\Player.h" />
    <ClInclude Include="Source\Projectile.h" />
    <ClInclude Include="Source\SceneGame.h" />
    <ClInclude Include="Source\Camera.h" />
    <ClInclude Include="Source\GameObject.h" />
    <ClInclude Include="Source\Geometry.h" />
    <ClInclude Include="Source\Light.h" />
    <ClInclude Include="Source\LoadOBJ.h" />
    <ClInclude Include="Source\LoadTGA.h" />
    <ClInclude Include="Source\Material.h" />
    <ClInclude Include="Source\Mesh.h" />
    <ClInclude Include="Source\MeshBuilder.h" />
    <ClInclude Include="Source\Scene.h" />
    <ClInclude Include="Source\SceneMenu.h" />
    <ClInclude Include="Source\SceneBase.h" />
    <ClInclude Include="Source\SceneManager.h" />
    <ClInclude Include="Source\shader.hpp" />
    <ClInclude Include="Source\Switch.h" />
    <ClInclude Include="Source\Tile.h" />
    <ClInclude Include="Source\Utility.h" />
    <ClInclude Include="Source\Vertex.h" />
    <ClInclude Include="Source\WaveData.h" />
    <ClInclude Include="Source\Map.h" />
  </ItemGroup>
</Project>